
Microsoft Visual Studio Solution File, Format Version 12.00
# Visual Studio 14
VisualStudioVersion = 14.0.25123.0
MinimumVisualStudioVersion = 10.0.40219.1
Project("{8BC9CEB8-8B4A-11D0-8D11-00A0C91BC942}") = "advent21", "advent21\advent21.vcxproj", "{A891B558-5ABE-4383-9029-738F7212F91A}"
EndProject
Project("{8BC9CEB8-8B4A-11D0-8D11-00A0C91BC942}") = "advent21b", "advent21b\advent21b.vcxproj", "{876C1FF3-6D88-419C-B22C-FD37C99136C1}"
EndProject
Global
	GlobalSection(SolutionConfigurationPlatforms) = preSolution
		Debug|x64 = Debug|x64
		Debug|x86 = Debug|x86
		Release|x64 = Release|x64
		Release|x86 = Release|x86
	EndGlobalSection
	GlobalSection(ProjectConfigurationPlatforms) = postSolution
		{A891B558-5ABE-4383-9029-738F7212F91A}.Debug|x64.ActiveCfg = Debug|x64
		{A891B558-5ABE-4383-9029-738F7212F91A}.Debug|x64.Build.0 = Debug|x64
		{A891B558-5ABE-4383-9029-738F7212F91A}.Debug|x86.ActiveCfg = Debug|Win32
		{A891B558-5ABE-4383-9029-738F7212F91A}.Debug|x86.Build.0 = Debug|Win32
		{A891B558-5ABE-4383-9029-738F7212F91A}.Release|x64.ActiveCfg = Release|x64
		{A891B558-5ABE-4383-9029-738F7212F91A}.Release|x64.Build.0 = Release|x64
		{A891B558-5ABE-4383-9029-738F7212F91A}.Release|x86.ActiveCfg = Release|Win32
		{A891B558-5ABE-4383-9029-738F7212F91A}.Release|x86.Build.0 = Release|Win32
		{876C1FF3-6D88-419C-B22C-FD37C99136C1}.Debug|x64.ActiveCfg = Debug|x64
		{876C1FF3-6D88-419C-B22C-FD37C99136C1}.Debug|x64.Build.0 = Debug|x64
		{876C1FF3-6D88-419C-B22C-FD37C99136C1}.Debug|x86.ActiveCfg = Debug|Win32
		{876C1FF3-6D88-419C-B22C-FD37C99136C1}.Debug|x86.Build.0 = Debug|Win32
		{876C1FF3-6D88-419C-B22C-FD37C99136C1}.Release|x64.ActiveCfg = Release|x64
		{876C1FF3-6D88-419C-B22C-FD37C99136C1}.Release|x64.Build.0 = Release|x64
		{876C1FF3-6D88-419C-B22C-FD37C99136C1}.Release|x86.ActiveCfg = Release|Win32
		{876C1FF3-6D88-419C-B22C-FD37C99136C1}.Release|x86.Build.0 = Release|Win32
	EndGlobalSection
	GlobalSection(SolutionProperties) = preSolution
		HideSolutionNode = FALSE
	EndGlobalSection
EndGlobal
